version: 5
environments:
  default:
    channels:
    - url: https://conda.anaconda.org/conda-forge/
    packages:
      linux-64:
      - conda: https://conda.anaconda.org/conda-forge/linux-64/_libgcc_mutex-0.1-conda_forge.tar.bz2
      - conda: https://conda.anaconda.org/conda-forge/linux-64/_openmp_mutex-4.5-2_gnu.tar.bz2
      - conda: https://conda.anaconda.org/conda-forge/linux-64/bzip2-1.0.8-h4bc722e_7.conda
      - conda: https://conda.anaconda.org/conda-forge/linux-64/ca-certificates-2023.7.22-hbcca054_0.conda
      - conda: https://conda.anaconda.org/conda-forge/linux-64/dart-sass-1.58.3-ha770c72_1.conda
      - conda: https://conda.anaconda.org/conda-forge/linux-64/deno-1.37.2-h335b0a9_1.conda
      - conda: https://conda.anaconda.org/conda-forge/linux-64/deno-dom-0.1.35-hd9586b0_1.conda
      - conda: https://conda.anaconda.org/conda-forge/linux-64/esbuild-0.19.2-ha770c72_0.conda
      - conda: https://conda.anaconda.org/conda-forge/linux-64/ld_impl_linux-64-2.40-h41732ed_0.conda
      - conda: https://conda.anaconda.org/conda-forge/linux-64/libffi-3.4.2-h7f98852_5.tar.bz2
      - conda: https://conda.anaconda.org/conda-forge/linux-64/libgcc-ng-13.2.0-h807b86a_2.conda
      - conda: https://conda.anaconda.org/conda-forge/linux-64/libgomp-13.2.0-h807b86a_2.conda
      - conda: https://conda.anaconda.org/conda-forge/linux-64/libnsl-2.0.1-hd590300_0.conda
      - conda: https://conda.anaconda.org/conda-forge/linux-64/libsqlite-3.43.0-h2797004_0.conda
      - conda: https://conda.anaconda.org/conda-forge/linux-64/libstdcxx-ng-13.2.0-h7e041cc_2.conda
      - conda: https://conda.anaconda.org/conda-forge/linux-64/libuuid-2.38.1-h0b41bf4_0.conda
      - conda: https://conda.anaconda.org/conda-forge/linux-64/libzlib-1.2.13-hd590300_5.conda
      - conda: https://conda.anaconda.org/conda-forge/linux-64/ncurses-6.4-hcb278e6_0.conda
      - conda: https://conda.anaconda.org/conda-forge/linux-64/openssl-3.3.1-h4bc722e_2.conda
      - conda: https://conda.anaconda.org/conda-forge/linux-64/pandoc-3.1.11.1-ha770c72_0.conda
      - conda: https://conda.anaconda.org/conda-forge/linux-64/python-3.11.0-he550d4f_1_cpython.conda
      - conda: https://conda.anaconda.org/conda-forge/linux-64/python_abi-3.11-4_cp311.conda
      - conda: https://conda.anaconda.org/conda-forge/linux-64/quarto-1.4.550-ha770c72_1.conda
      - conda: https://conda.anaconda.org/conda-forge/linux-64/readline-8.2-h8228510_1.conda
      - conda: https://conda.anaconda.org/conda-forge/linux-64/ruff-0.5.7-py311hce3a109_0.conda
      - conda: https://conda.anaconda.org/conda-forge/linux-64/tk-8.6.13-h2797004_0.conda
      - conda: https://conda.anaconda.org/conda-forge/noarch/tzdata-2023c-h71feb2d_0.conda
      - conda: https://conda.anaconda.org/conda-forge/linux-64/xz-5.2.6-h166bdaf_0.tar.bz2
packages:
- kind: conda
  name: _libgcc_mutex
  version: '0.1'
  build: conda_forge
  subdir: linux-64
  url: https://conda.anaconda.org/conda-forge/linux-64/_libgcc_mutex-0.1-conda_forge.tar.bz2
  sha256: fe51de6107f9edc7aa4f786a70f4a883943bc9d39b3bb7307c04c41410990726
  md5: d7c89558ba9fa0495403155b64376d81
  arch: x86_64
  platform: linux
  license: None
  size: 2562
  timestamp: 1578324546067
- kind: conda
  name: _openmp_mutex
  version: '4.5'
  build: 2_gnu
  build_number: 16
  subdir: linux-64
  url: https://conda.anaconda.org/conda-forge/linux-64/_openmp_mutex-4.5-2_gnu.tar.bz2
  sha256: fbe2c5e56a653bebb982eda4876a9178aedfc2b545f25d0ce9c4c0b508253d22
  md5: 73aaf86a425cc6e73fcf236a5a46396d
  depends:
  - _libgcc_mutex ==0.1 conda_forge
  - libgomp >=7.5.0
  constrains:
  - openmp_impl 9999
  arch: x86_64
  platform: linux
  license: BSD-3-Clause
  license_family: BSD
  size: 23621
  timestamp: 1650670423406
- kind: conda
  name: bzip2
  version: 1.0.8
  build: h4bc722e_7
  build_number: 7
  subdir: linux-64
  url: https://conda.anaconda.org/conda-forge/linux-64/bzip2-1.0.8-h4bc722e_7.conda
  sha256: 5ced96500d945fb286c9c838e54fa759aa04a7129c59800f0846b4335cee770d
  md5: 62ee74e96c5ebb0af99386de58cf9553
  depends:
  - __glibc >=2.17,<3.0.a0
  - libgcc-ng >=12
  license: bzip2-1.0.6
  license_family: BSD
  size: 252783
  timestamp: 1720974456583
- kind: conda
  name: ca-certificates
  version: 2023.7.22
  build: hbcca054_0
  subdir: linux-64
  url: https://conda.anaconda.org/conda-forge/linux-64/ca-certificates-2023.7.22-hbcca054_0.conda
  sha256: 525b7b6b5135b952ec1808de84e5eca57c7c7ff144e29ef3e96ae4040ff432c1
  md5: a73ecd2988327ad4c8f2c331482917f2
  arch: x86_64
  platform: linux
  license: ISC
  size: 149515
  timestamp: 1690026108541
- kind: conda
  name: dart-sass
  version: 1.58.3
  build: ha770c72_1
  build_number: 1
  subdir: linux-64
  url: https://conda.anaconda.org/conda-forge/linux-64/dart-sass-1.58.3-ha770c72_1.conda
  sha256: a94f8024ac8a09cbf265c62d2bd57e709802868ef656c6cafe5864ed20bf94af
  md5: d54982a58cd9be3d00a7efe76ba6f60c
  arch: x86_64
  platform: linux
  license: MIT
  license_family: MIT
  size: 2961769
  timestamp: 1683598364427
- kind: conda
  name: deno
  version: 1.37.2
  build: h335b0a9_1
  build_number: 1
  subdir: linux-64
  url: https://conda.anaconda.org/conda-forge/linux-64/deno-1.37.2-h335b0a9_1.conda
  sha256: b14a2f951839e1b511283ed135d31e1168e62c6f360d00ba55a52e38d2ed1e34
  md5: 50fe6d0064adfd83846a6f9c87da03e3
  depends:
  - libgcc-ng >=12
  license: MIT
  license_family: MIT
  size: 33937403
  timestamp: 1698785299272
- kind: conda
  name: deno-dom
  version: 0.1.35
  build: hd9586b0_1
  build_number: 1
  subdir: linux-64
  url: https://conda.anaconda.org/conda-forge/linux-64/deno-dom-0.1.35-hd9586b0_1.conda
  sha256: 386c157bf2eebe4fc58e63c26784d084eaa71cf1020257c30a430624631415fd
  md5: 263ee0870b18b013d9ec8539113ac69f
  depends:
  - deno >=1.24.2
  arch: x86_64
  platform: linux
  license: MIT
  license_family: MIT
  size: 1062480
  timestamp: 1682953401972
- kind: conda
  name: esbuild
  version: 0.19.2
  build: ha770c72_0
  subdir: linux-64
  url: https://conda.anaconda.org/conda-forge/linux-64/esbuild-0.19.2-ha770c72_0.conda
  sha256: bb6dee100b3f62ee088a212834c9d47ad158f3fc678ff595e402803db5fab871
  md5: 8fa87b764cf6143cb66e9cc3548b186a
  arch: x86_64
  platform: linux
  license: MIT
  license_family: MIT
  size: 3376650
  timestamp: 1693243729127
- kind: conda
  name: ld_impl_linux-64
  version: '2.40'
  build: h41732ed_0
  subdir: linux-64
  url: https://conda.anaconda.org/conda-forge/linux-64/ld_impl_linux-64-2.40-h41732ed_0.conda
  sha256: f6cc89d887555912d6c61b295d398cff9ec982a3417d38025c45d5dd9b9e79cd
  md5: 7aca3059a1729aa76c597603f10b0dd3
  constrains:
  - binutils_impl_linux-64 2.40
  arch: x86_64
  platform: linux
  license: GPL-3.0-only
  license_family: GPL
  size: 704696
  timestamp: 1674833944779
- kind: conda
  name: libffi
  version: 3.4.2
  build: h7f98852_5
  build_number: 5
  subdir: linux-64
  url: https://conda.anaconda.org/conda-forge/linux-64/libffi-3.4.2-h7f98852_5.tar.bz2
  sha256: ab6e9856c21709b7b517e940ae7028ae0737546122f83c2aa5d692860c3b149e
  md5: d645c6d2ac96843a2bfaccd2d62b3ac3
  depends:
  - libgcc-ng >=9.4.0
  license: MIT
  license_family: MIT
  size: 58292
  timestamp: 1636488182923
- kind: conda
  name: libgcc-ng
  version: 13.2.0
  build: h807b86a_2
  build_number: 2
  subdir: linux-64
  url: https://conda.anaconda.org/conda-forge/linux-64/libgcc-ng-13.2.0-h807b86a_2.conda
  sha256: d361d3c87c376642b99c1fc25cddec4b9905d3d9b9203c1c545b8c8c1b04539a
  md5: c28003b0be0494f9a7664389146716ff
  depends:
  - _libgcc_mutex ==0.1 conda_forge
  - _openmp_mutex >=4.5
  constrains:
  - libgomp 13.2.0 h807b86a_2
  arch: x86_64
  platform: linux
  license: GPL-3.0-only WITH GCC-exception-3.1
  license_family: GPL
  size: 771133
  timestamp: 1695219384393
- kind: conda
  name: libgomp
  version: 13.2.0
  build: h807b86a_2
  build_number: 2
  subdir: linux-64
  url: https://conda.anaconda.org/conda-forge/linux-64/libgomp-13.2.0-h807b86a_2.conda
  sha256: e1e82348f8296abfe344162b3b5f0ddc2f504759ebeb8b337ba99beaae583b15
  md5: e2042154faafe61969556f28bade94b9
  depends:
  - _libgcc_mutex ==0.1 conda_forge
  arch: x86_64
  platform: linux
  license: GPL-3.0-only WITH GCC-exception-3.1
  license_family: GPL
  size: 421133
  timestamp: 1695219303065
- kind: conda
  name: libnsl
  version: 2.0.1
  build: hd590300_0
  subdir: linux-64
  url: https://conda.anaconda.org/conda-forge/linux-64/libnsl-2.0.1-hd590300_0.conda
  sha256: 26d77a3bb4dceeedc2a41bd688564fe71bf2d149fdcf117049970bc02ff1add6
  md5: 30fd6e37fe21f86f4bd26d6ee73eeec7
  depends:
  - libgcc-ng >=12
  license: LGPL-2.1-only
  license_family: GPL
  size: 33408
  timestamp: 1697359010159
- kind: conda
  name: libsqlite
  version: 3.43.0
  build: h2797004_0
  subdir: linux-64
  url: https://conda.anaconda.org/conda-forge/linux-64/libsqlite-3.43.0-h2797004_0.conda
  sha256: e715fab7ec6b3f3df2a5962ef372ff0f871d215fe819482dcd80357999513652
  md5: 903fa782a9067d5934210df6d79220f6
  depends:
  - libgcc-ng >=12
  - libzlib >=1.2.13,<1.3.0a0
  arch: x86_64
  platform: linux
  license: Unlicense
  size: 840871
  timestamp: 1692911324643
- kind: conda
  name: libstdcxx-ng
  version: 13.2.0
  build: h7e041cc_2
  build_number: 2
  subdir: linux-64
  url: https://conda.anaconda.org/conda-forge/linux-64/libstdcxx-ng-13.2.0-h7e041cc_2.conda
  sha256: ab22ecdc974cdbe148874ea876d9c564294d5eafa760f403ed4fd495307b4243
  md5: 9172c297304f2a20134fc56c97fbe229
  arch: x86_64
  platform: linux
  license: GPL-3.0-only WITH GCC-exception-3.1
  license_family: GPL
  size: 3842773
  timestamp: 1695219454837
- kind: conda
  name: libuuid
  version: 2.38.1
  build: h0b41bf4_0
  subdir: linux-64
  url: https://conda.anaconda.org/conda-forge/linux-64/libuuid-2.38.1-h0b41bf4_0.conda
  sha256: 787eb542f055a2b3de553614b25f09eefb0a0931b0c87dbcce6efdfd92f04f18
  md5: 40b61aab5c7ba9ff276c41cfffe6b80b
  depends:
  - libgcc-ng >=12
  license: BSD-3-Clause
  license_family: BSD
  size: 33601
  timestamp: 1680112270483
- kind: conda
  name: libzlib
  version: 1.2.13
  build: hd590300_5
  build_number: 5
  subdir: linux-64
  url: https://conda.anaconda.org/conda-forge/linux-64/libzlib-1.2.13-hd590300_5.conda
  sha256: 370c7c5893b737596fd6ca0d9190c9715d89d888b8c88537ae1ef168c25e82e4
  md5: f36c115f1ee199da648e0597ec2047ad
  depends:
  - libgcc-ng >=12
  constrains:
  - zlib 1.2.13 *_5
  arch: x86_64
  platform: linux
  license: Zlib
  license_family: Other
  size: 61588
  timestamp: 1686575217516
- kind: conda
  name: ncurses
  version: '6.4'
  build: hcb278e6_0
  subdir: linux-64
  url: https://conda.anaconda.org/conda-forge/linux-64/ncurses-6.4-hcb278e6_0.conda
  sha256: ccf61e61d58a8a7b2d66822d5568e2dc9387883dd9b2da61e1d787ece4c4979a
  md5: 681105bccc2a3f7f1a837d47d39c9179
  depends:
  - libgcc-ng >=12
  arch: x86_64
  platform: linux
  license: X11 AND BSD-3-Clause
  size: 880967
  timestamp: 1686076725450
- kind: conda
  name: openssl
  version: 3.3.1
  build: h4bc722e_2
  build_number: 2
  subdir: linux-64
  url: https://conda.anaconda.org/conda-forge/linux-64/openssl-3.3.1-h4bc722e_2.conda
  sha256: b294b3cc706ad1048cdb514f0db3da9f37ae3fcc0c53a7104083dd0918adb200
  md5: e1b454497f9f7c1147fdde4b53f1b512
  depends:
  - __glibc >=2.17,<3.0.a0
  - ca-certificates
  - libgcc-ng >=12
  constrains:
  - pyopenssl >=22.1
  license: Apache-2.0
  license_family: Apache
  size: 2895213
  timestamp: 1721194688955
- kind: conda
  name: pandoc
  version: 3.1.11.1
  build: ha770c72_0
  subdir: linux-64
  url: https://conda.anaconda.org/conda-forge/linux-64/pandoc-3.1.11.1-ha770c72_0.conda
  sha256: 30b1318dbf7a89d4b2f66a9b10c8799376a32506043a510e1d27ba286c564633
  md5: 0e2f14aff42adf4675bcd5335d644a5f
  license: GPL-2.0-or-later
  license_family: GPL
  size: 20502973
  timestamp: 1707474170203
- kind: conda
  name: python
  version: 3.11.0
  build: he550d4f_1_cpython
  build_number: 1
  subdir: linux-64
  url: https://conda.anaconda.org/conda-forge/linux-64/python-3.11.0-he550d4f_1_cpython.conda
  sha256: 464f998e406b645ba34771bb53a0a7c2734e855ee78dd021aa4dedfdb65659b7
  md5: 8d14fc2aa12db370a443753c8230be1e
  depends:
  - bzip2 >=1.0.8,<2.0a0
  - ld_impl_linux-64 >=2.36.1
  - libffi >=3.4,<4.0a0
  - libgcc-ng >=12
  - libnsl >=2.0.0,<2.1.0a0
  - libsqlite >=3.40.0,<4.0a0
  - libuuid >=2.32.1,<3.0a0
  - libzlib >=1.2.13,<2.0.0a0
  - ncurses >=6.3,<7.0a0
  - openssl >=3.0.7,<4.0a0
  - readline >=8.1.2,<9.0a0
  - tk >=8.6.12,<8.7.0a0
  - tzdata
  - xz >=5.2.6,<6.0a0
  constrains:
  - python_abi 3.11.* *_cp311
  license: Python-2.0
  size: 31476523
  timestamp: 1673700777998
- kind: conda
  name: python_abi
  version: '3.11'
  build: 4_cp311
  build_number: 4
  subdir: linux-64
  url: https://conda.anaconda.org/conda-forge/linux-64/python_abi-3.11-4_cp311.conda
  sha256: 0be3ac1bf852d64f553220c7e6457e9c047dfb7412da9d22fbaa67e60858b3cf
  md5: d786502c97404c94d7d58d258a445a65
  constrains:
  - python 3.11.* *_cpython
  license: BSD-3-Clause
  license_family: BSD
  size: 6385
  timestamp: 1695147338551
- kind: conda
  name: quarto
  version: 1.4.550
  build: ha770c72_1
  build_number: 1
  subdir: linux-64
  url: https://conda.anaconda.org/conda-forge/linux-64/quarto-1.4.550-ha770c72_1.conda
  sha256: 2fd62d66eb6a08b95ba8933aaff7a0e3241c7ced93b5114a3b1e8d28ee24b330
  md5: b7b89be76bcdab239f7956e5fc2727ab
  depends:
  - dart-sass
  - deno >=1.37.2,<1.37.3.0a0
  - deno-dom >=0.1.35,<0.1.36.0a0
  - esbuild
  - pandoc >=3.1.11.1,<3.1.12.0a0
  license: GPL-2.0-or-later
  license_family: GPL
  size: 15312136
  timestamp: 1708104283642
- kind: conda
  name: readline
  version: '8.2'
  build: h8228510_1
  build_number: 1
  subdir: linux-64
  url: https://conda.anaconda.org/conda-forge/linux-64/readline-8.2-h8228510_1.conda
  sha256: 5435cf39d039387fbdc977b0a762357ea909a7694d9528ab40f005e9208744d7
  md5: 47d31b792659ce70f470b5c82fdfb7a4
  depends:
  - libgcc-ng >=12
  - ncurses >=6.3,<7.0a0
  arch: x86_64
  platform: linux
  license: GPL-3.0-only
  license_family: GPL
  size: 281456
  timestamp: 1679532220005
- kind: conda
  name: ruff
  version: 0.5.7
  build: py311hce3a109_0
  subdir: linux-64
  url: https://conda.anaconda.org/conda-forge/linux-64/ruff-0.5.7-py311hce3a109_0.conda
  sha256: f427970399970c17809dd79508861cca81b461b011d9943045e993fc2b768d07
  md5: 55c78cc0ce5f309fa245ff06313dc162
  depends:
  - __glibc >=2.17,<3.0.a0
  - libgcc-ng >=12
  - libstdcxx-ng >=12
  - python >=3.11,<3.12.0a0
  - python_abi 3.11.* *_cp311
  constrains:
  - __glibc >=2.17
  license: MIT
  license_family: MIT
  size: 7193029
  timestamp: 1723150367639
- kind: conda
  name: tk
  version: 8.6.13
  build: h2797004_0
  subdir: linux-64
  url: https://conda.anaconda.org/conda-forge/linux-64/tk-8.6.13-h2797004_0.conda
  sha256: 679e944eb93fde45d0963a22598fafacbb429bb9e7ee26009ba81c4e0c435055
  md5: 513336054f884f95d9fd925748f41ef3
  depends:
  - libgcc-ng >=12
  - libzlib >=1.2.13,<1.3.0a0
  arch: x86_64
  platform: linux
  license: TCL
  license_family: BSD
  size: 3290187
  timestamp: 1695506262576
- kind: conda
  name: tzdata
  version: 2023c
  build: h71feb2d_0
  subdir: linux-64
  noarch: generic
  url: https://conda.anaconda.org/conda-forge/noarch/tzdata-2023c-h71feb2d_0.conda
  sha256: 0449138224adfa125b220154408419ec37c06b0b49f63c5954724325903ecf55
  md5: 939e3e74d8be4dac89ce83b20de2492a
  arch: x86_64
  platform: linux
  license: LicenseRef-Public-Domain
  size: 117580
  timestamp: 1680041306008
- kind: conda
  name: xz
  version: 5.2.6
  build: h166bdaf_0
  subdir: linux-64
  url: https://conda.anaconda.org/conda-forge/linux-64/xz-5.2.6-h166bdaf_0.tar.bz2
  sha256: 03a6d28ded42af8a347345f82f3eebdd6807a08526d47899a42d62d319609162
  md5: 2161070d867d1b1204ea749c8eec4ef0
  depends:
  - libgcc-ng >=12
  arch: x86_64
  platform: linux
  license: LGPL-2.1 and GPL-2.0
  size: 418368
  timestamp: 1660346797927
