metadata:
  content_hash:
    linux-64: e90c2ee71ad70fc0a1c8302029533a7d1498f2bffcd0eaa8d2934700e775dc1d
  channels:
  - url: https://conda.anaconda.org/conda-forge/
    used_env_vars: []
  platforms:
  - linux-64
  sources: []
  time_metadata: null
  git_metadata: null
  inputs_metadata: null
  custom_metadata: null
package:
- name: _libgcc_mutex
  version: '0.1'
  manager: conda
  platform: linux-64
  dependencies: {}
  url: https://conda.anaconda.org/conda-forge/linux-64/_libgcc_mutex-0.1-conda_forge.tar.bz2
  hash:
    md5: d7c89558ba9fa0495403155b64376d81
    sha256: fe51de6107f9edc7aa4f786a70f4a883943bc9d39b3bb7307c04c41410990726
  optional: false
  category: main
  build: conda_forge
  arch: x86_64
  subdir: linux-64
  build_number: 0
  license: None
  size: 2562
  timestamp: 1578324546067
- name: _openmp_mutex
  version: '4.5'
  manager: conda
  platform: linux-64
  dependencies:
    _libgcc_mutex: ==0.1 conda_forge
    libgomp: '>=7.5.0'
  url: https://conda.anaconda.org/conda-forge/linux-64/_openmp_mutex-4.5-2_gnu.tar.bz2
  hash:
    md5: 73aaf86a425cc6e73fcf236a5a46396d
    sha256: fbe2c5e56a653bebb982eda4876a9178aedfc2b545f25d0ce9c4c0b508253d22
  optional: false
  category: main
  build: 2_gnu
  arch: x86_64
  subdir: linux-64
  build_number: 16
  constrains:
  - openmp_impl 9999
  license: BSD-3-Clause
  license_family: BSD
  size: 23621
  timestamp: 1650670423406
- name: ca-certificates
  version: 2023.7.22
  manager: conda
  platform: linux-64
  dependencies: {}
  url: https://conda.anaconda.org/conda-forge/linux-64/ca-certificates-2023.7.22-hbcca054_0.conda
  hash:
    md5: a73ecd2988327ad4c8f2c331482917f2
    sha256: 525b7b6b5135b952ec1808de84e5eca57c7c7ff144e29ef3e96ae4040ff432c1
  optional: false
  category: main
  build: hbcca054_0
  arch: x86_64
  subdir: linux-64
  build_number: 0
  license: ISC
  size: 149515
  timestamp: 1690026108541
- name: dart-sass
  version: 1.58.3
  manager: conda
  platform: linux-64
  dependencies: {}
  url: https://conda.anaconda.org/conda-forge/linux-64/dart-sass-1.58.3-ha770c72_1.conda
  hash:
    md5: d54982a58cd9be3d00a7efe76ba6f60c
    sha256: a94f8024ac8a09cbf265c62d2bd57e709802868ef656c6cafe5864ed20bf94af
  optional: false
  category: main
  build: ha770c72_1
  arch: x86_64
  subdir: linux-64
  build_number: 1
  license: MIT
  license_family: MIT
  size: 2961769
  timestamp: 1683598364427
- name: deno
  version: 1.28.2
  manager: conda
  platform: linux-64
  dependencies:
    libgcc-ng: '>=12'
  url: https://conda.anaconda.org/conda-forge/linux-64/deno-1.28.2-h2f28480_0.conda
  hash:
    md5: 4d086b73971d25ab801b9e6455788a0e
    sha256: a850d7c16c9e87951867df4394b25b5be6fd97c58189559700677501dfdd92e3
  optional: false
  category: main
  build: h2f28480_0
  arch: x86_64
  subdir: linux-64
  build_number: 0
  license: MIT
  license_family: MIT
  size: 29440868
  timestamp: 1669782838216
- name: deno-dom
  version: 0.1.35
  manager: conda
  platform: linux-64
  dependencies:
    deno: '>=1.24.2'
  url: https://conda.anaconda.org/conda-forge/linux-64/deno-dom-0.1.35-hd9586b0_1.conda
  hash:
    md5: 263ee0870b18b013d9ec8539113ac69f
    sha256: 386c157bf2eebe4fc58e63c26784d084eaa71cf1020257c30a430624631415fd
  optional: false
  category: main
  build: hd9586b0_1
  arch: x86_64
  subdir: linux-64
  build_number: 1
  license: MIT
  license_family: MIT
  size: 1062480
  timestamp: 1682953401972
- name: esbuild
  version: 0.19.2
  manager: conda
  platform: linux-64
  dependencies: {}
  url: https://conda.anaconda.org/conda-forge/linux-64/esbuild-0.19.2-ha770c72_0.conda
  hash:
    md5: 8fa87b764cf6143cb66e9cc3548b186a
    sha256: bb6dee100b3f62ee088a212834c9d47ad158f3fc678ff595e402803db5fab871
  optional: false
  category: main
  build: ha770c72_0
  arch: x86_64
  subdir: linux-64
  build_number: 0
  license: MIT
  license_family: MIT
  size: 3376650
  timestamp: 1693243729127
- name: ld_impl_linux-64
  version: '2.40'
  manager: conda
  platform: linux-64
  dependencies: {}
  url: https://conda.anaconda.org/conda-forge/linux-64/ld_impl_linux-64-2.40-h41732ed_0.conda
  hash:
    md5: 7aca3059a1729aa76c597603f10b0dd3
    sha256: f6cc89d887555912d6c61b295d398cff9ec982a3417d38025c45d5dd9b9e79cd
  optional: false
  category: main
  build: h41732ed_0
  arch: x86_64
  subdir: linux-64
  build_number: 0
  constrains:
  - binutils_impl_linux-64 2.40
  license: GPL-3.0-only
  license_family: GPL
  size: 704696
  timestamp: 1674833944779
- name: libffi
  version: '3.3'
  manager: conda
  platform: linux-64
  dependencies:
    libgcc-ng: '>=7.5.0'
    libstdcxx-ng: '>=7.5.0'
  url: https://conda.anaconda.org/conda-forge/linux-64/libffi-3.3-h58526e2_2.tar.bz2
  hash:
    md5: 665369991d8dd290ac5ee92fce3e6bf5
    sha256: bfa80758d38a4f50089c38340b4577d476daaf10967ab2dfc2de9650854705f0
  optional: false
  category: main
  build: h58526e2_2
  arch: x86_64
  subdir: linux-64
  build_number: 2
  license: MIT
  license_family: MIT
  size: 52624
  timestamp: 1607352031860
- name: libgcc-ng
  version: 13.2.0
  manager: conda
  platform: linux-64
  dependencies:
    _libgcc_mutex: ==0.1 conda_forge
    _openmp_mutex: '>=4.5'
  url: https://conda.anaconda.org/conda-forge/linux-64/libgcc-ng-13.2.0-h807b86a_2.conda
  hash:
    md5: c28003b0be0494f9a7664389146716ff
    sha256: d361d3c87c376642b99c1fc25cddec4b9905d3d9b9203c1c545b8c8c1b04539a
  optional: false
  category: main
  build: h807b86a_2
  arch: x86_64
  subdir: linux-64
  build_number: 2
  constrains:
  - libgomp 13.2.0 h807b86a_2
  license: GPL-3.0-only WITH GCC-exception-3.1
  license_family: GPL
  size: 771133
  timestamp: 1695219384393
- name: libgomp
  version: 13.2.0
  manager: conda
  platform: linux-64
  dependencies:
    _libgcc_mutex: ==0.1 conda_forge
  url: https://conda.anaconda.org/conda-forge/linux-64/libgomp-13.2.0-h807b86a_2.conda
  hash:
    md5: e2042154faafe61969556f28bade94b9
    sha256: e1e82348f8296abfe344162b3b5f0ddc2f504759ebeb8b337ba99beaae583b15
  optional: false
  category: main
  build: h807b86a_2
  arch: x86_64
  subdir: linux-64
  build_number: 2
  license: GPL-3.0-only WITH GCC-exception-3.1
  license_family: GPL
  size: 421133
  timestamp: 1695219303065
- name: libsqlite
  version: 3.43.0
  manager: conda
  platform: linux-64
  dependencies:
    libgcc-ng: '>=12'
    libzlib: '>=1.2.13,<1.3.0a0'
  url: https://conda.anaconda.org/conda-forge/linux-64/libsqlite-3.43.0-h2797004_0.conda
  hash:
    md5: 903fa782a9067d5934210df6d79220f6
    sha256: e715fab7ec6b3f3df2a5962ef372ff0f871d215fe819482dcd80357999513652
  optional: false
  category: main
  build: h2797004_0
  arch: x86_64
  subdir: linux-64
  build_number: 0
  license: Unlicense
  size: 840871
  timestamp: 1692911324643
- name: libstdcxx-ng
  version: 13.2.0
  manager: conda
  platform: linux-64
  dependencies: {}
  url: https://conda.anaconda.org/conda-forge/linux-64/libstdcxx-ng-13.2.0-h7e041cc_2.conda
  hash:
    md5: 9172c297304f2a20134fc56c97fbe229
    sha256: ab22ecdc974cdbe148874ea876d9c564294d5eafa760f403ed4fd495307b4243
  optional: false
  category: main
  build: h7e041cc_2
  arch: x86_64
  subdir: linux-64
  build_number: 2
  license: GPL-3.0-only WITH GCC-exception-3.1
  license_family: GPL
  size: 3842773
  timestamp: 1695219454837
- name: libzlib
  version: 1.2.13
  manager: conda
  platform: linux-64
  dependencies:
    libgcc-ng: '>=12'
  url: https://conda.anaconda.org/conda-forge/linux-64/libzlib-1.2.13-hd590300_5.conda
  hash:
    md5: f36c115f1ee199da648e0597ec2047ad
    sha256: 370c7c5893b737596fd6ca0d9190c9715d89d888b8c88537ae1ef168c25e82e4
  optional: false
  category: main
  build: hd590300_5
  arch: x86_64
  subdir: linux-64
  build_number: 5
  constrains:
  - zlib 1.2.13 *_5
  license: Zlib
  license_family: Other
  size: 61588
  timestamp: 1686575217516
- name: ncurses
  version: '6.4'
  manager: conda
  platform: linux-64
  dependencies:
    libgcc-ng: '>=12'
  url: https://conda.anaconda.org/conda-forge/linux-64/ncurses-6.4-hcb278e6_0.conda
  hash:
    md5: 681105bccc2a3f7f1a837d47d39c9179
    sha256: ccf61e61d58a8a7b2d66822d5568e2dc9387883dd9b2da61e1d787ece4c4979a
  optional: false
  category: main
  build: hcb278e6_0
  arch: x86_64
  subdir: linux-64
  build_number: 0
  license: X11 AND BSD-3-Clause
  size: 880967
  timestamp: 1686076725450
- name: openssl
  version: 1.1.1w
  manager: conda
  platform: linux-64
  dependencies:
    ca-certificates: '*'
    libgcc-ng: '>=12'
  url: https://conda.anaconda.org/conda-forge/linux-64/openssl-1.1.1w-hd590300_0.conda
  hash:
    md5: 301e70057a3bd399640bb16bbdf87995
    sha256: 4fe19885c77f0758084feb54954bd1977dfeeab7134fba0a1d9c0cfff821d6bd
  optional: false
  category: main
  build: hd590300_0
  arch: x86_64
  subdir: linux-64
  build_number: 0
  license: OpenSSL
  license_family: Apache
  size: 1956010
  timestamp: 1694461292959
- name: pandoc
  version: 3.1.1
  manager: conda
  platform: linux-64
  dependencies:
    libzlib: '>=1.2.13,<1.3.0a0'
  url: https://conda.anaconda.org/conda-forge/linux-64/pandoc-3.1.1-h32600fe_0.conda
  hash:
    md5: 68dcea6605bcebb17215d2b4efb3e1cf
    sha256: d4d9fd83e2a94b3df8189dd96e52a4dfce2c23592e5452ffdf9cdc281a18a7a8
  optional: false
  category: main
  build: h32600fe_0
  arch: x86_64
  subdir: linux-64
  build_number: 0
  license: GPL-2.0-or-later
  license_family: GPL
  size: 27482149
  timestamp: 1678894754318
- name: python
  version: 3.9.0
  manager: conda
  platform: linux-64
  dependencies:
    ld_impl_linux-64: '*'
    libffi: '>=3.3,<3.4.0a0'
    libgcc-ng: '>=9.3.0'
    libstdcxx-ng: '>=9.3.0'
    ncurses: '>=6.2,<7.0.0a0'
    openssl: '>=1.1.1h,<1.1.2a'
    readline: '>=8.0,<9.0a0'
    sqlite: '>=3.33.0,<4.0a0'
    tk: '>=8.6.10,<8.7.0a0'
    tzdata: '*'
    xz: '>=5.2.5,<6.0.0a0'
    zlib: '>=1.2.11,<1.3.0a0'
  url: https://conda.anaconda.org/conda-forge/linux-64/python-3.9.0-hffdb5ce_5_cpython.tar.bz2
  hash:
    md5: d26d64e4cf67cbfab3caf9176c9255de
    sha256: 4268b9d64b93e148a343fb31b2ece72fb9bb6e1730a8f0fbf158d2b9bd958cd2
  optional: false
  category: main
  build: hffdb5ce_5_cpython
  arch: x86_64
  subdir: linux-64
  build_number: 5
  constrains:
  - python_abi 3.9.* *_cp39
  license: Python-2.0
  size: 30099820
  timestamp: 1606378485555
- name: python_abi
  version: '3.9'
  manager: conda
  platform: linux-64
  dependencies: {}
  url: https://conda.anaconda.org/conda-forge/linux-64/python_abi-3.9-4_cp39.conda
  hash:
    md5: bfe4b3259a8ac6cdf0037752904da6a7
    sha256: 7e0157e35929711e1a986c18a8bfb7a38a2209cfada16b541ebb0481f74376d6
  optional: false
  category: main
  build: 4_cp39
  arch: x86_64
  subdir: linux-64
  build_number: 4
  constrains:
  - python 3.9.* *_cpython
  license: BSD-3-Clause
  license_family: BSD
  size: 6378
  timestamp: 1695147399237
- name: quarto
  version: 1.3.450
  manager: conda
  platform: linux-64
  dependencies:
    dart-sass: '*'
    deno: '>=1.28.2,<1.28.3.0a0'
    deno-dom: '>=0.1.35,<0.1.36.0a0'
    esbuild: '*'
    pandoc: '>=3.1.1,<3.1.2.0a0'
  url: https://conda.anaconda.org/conda-forge/linux-64/quarto-1.3.450-ha770c72_0.conda
  hash:
    md5: 6c854f7659f93a716414129fc6cab94c
    sha256: 23fc48a246e61ffb38a5c313b85aabc1b8e98b489156f46ff0050b61d323e728
  optional: false
  category: main
  build: ha770c72_0
  arch: x86_64
  subdir: linux-64
  build_number: 0
  license: GPL-2.0-or-later
  license_family: GPL
  size: 12813729
  timestamp: 1691275534015
- name: readline
  version: '8.2'
  manager: conda
  platform: linux-64
  dependencies:
    libgcc-ng: '>=12'
    ncurses: '>=6.3,<7.0a0'
  url: https://conda.anaconda.org/conda-forge/linux-64/readline-8.2-h8228510_1.conda
  hash:
    md5: 47d31b792659ce70f470b5c82fdfb7a4
    sha256: 5435cf39d039387fbdc977b0a762357ea909a7694d9528ab40f005e9208744d7
  optional: false
  category: main
  build: h8228510_1
  arch: x86_64
  subdir: linux-64
  build_number: 1
  license: GPL-3.0-only
  license_family: GPL
  size: 281456
  timestamp: 1679532220005
- name: ruff
  version: 0.0.292
  manager: conda
  platform: linux-64
  dependencies:
    libgcc-ng: '>=12'
    libstdcxx-ng: '>=12'
    python: '>=3.9,<3.10.0a0'
    python_abi: 3.9.* *_cp39
  url: https://conda.anaconda.org/conda-forge/linux-64/ruff-0.0.292-py39h7efa1f9_0.conda
  hash:
    md5: bd8afd9c2b8c4e1312dfe6ca8725efbd
    sha256: 9b820d7240a603ca99cce91fc78dd2600df9ce4937365238635de1691a91e1f6
  optional: false
  category: main
  build: py39h7efa1f9_0
  arch: x86_64
  subdir: linux-64
  build_number: 0
  license: MIT
  license_family: MIT
  size: 4895022
  timestamp: 1696292304092
- name: sqlite
  version: 3.43.0
  manager: conda
  platform: linux-64
  dependencies:
    libgcc-ng: '>=12'
    libsqlite: ==3.43.0 h2797004_0
    libzlib: '>=1.2.13,<1.3.0a0'
    ncurses: '>=6.4,<7.0a0'
    readline: '>=8.2,<9.0a0'
  url: https://conda.anaconda.org/conda-forge/linux-64/sqlite-3.43.0-h2c6b66d_0.conda
  hash:
    md5: 713f9eac95d051abe14c3774376854fe
    sha256: b3db86c1ae67bca79328a5d517330e1c95cf4e1f666e46ac9a90e64caf86449d
  optional: false
  category: main
  build: h2c6b66d_0
  arch: x86_64
  subdir: linux-64
  build_number: 0
  license: Unlicense
  size: 831323
  timestamp: 1692911337406
- name: tk
  version: 8.6.13
  manager: conda
  platform: linux-64
  dependencies:
    libgcc-ng: '>=12'
    libzlib: '>=1.2.13,<1.3.0a0'
  url: https://conda.anaconda.org/conda-forge/linux-64/tk-8.6.13-h2797004_0.conda
  hash:
    md5: 513336054f884f95d9fd925748f41ef3
    sha256: 679e944eb93fde45d0963a22598fafacbb429bb9e7ee26009ba81c4e0c435055
  optional: false
  category: main
  build: h2797004_0
  arch: x86_64
  subdir: linux-64
  build_number: 0
  license: TCL
  license_family: BSD
  size: 3290187
  timestamp: 1695506262576
- name: tzdata
  version: 2023c
  manager: conda
  platform: linux-64
  dependencies: {}
  url: https://conda.anaconda.org/conda-forge/noarch/tzdata-2023c-h71feb2d_0.conda
  hash:
    md5: 939e3e74d8be4dac89ce83b20de2492a
    sha256: 0449138224adfa125b220154408419ec37c06b0b49f63c5954724325903ecf55
  optional: false
  category: main
  build: h71feb2d_0
  arch: x86_64
  subdir: linux-64
  build_number: 0
  license: LicenseRef-Public-Domain
  noarch: generic
  size: 117580
  timestamp: 1680041306008
- name: xz
  version: 5.2.6
  manager: conda
  platform: linux-64
  dependencies:
    libgcc-ng: '>=12'
  url: https://conda.anaconda.org/conda-forge/linux-64/xz-5.2.6-h166bdaf_0.tar.bz2
  hash:
    md5: 2161070d867d1b1204ea749c8eec4ef0
    sha256: 03a6d28ded42af8a347345f82f3eebdd6807a08526d47899a42d62d319609162
  optional: false
  category: main
  build: h166bdaf_0
  arch: x86_64
  subdir: linux-64
  build_number: 0
  license: LGPL-2.1 and GPL-2.0
  size: 418368
  timestamp: 1660346797927
- name: zlib
  version: 1.2.13
  manager: conda
  platform: linux-64
  dependencies:
    libgcc-ng: '>=12'
    libzlib: ==1.2.13 hd590300_5
  url: https://conda.anaconda.org/conda-forge/linux-64/zlib-1.2.13-hd590300_5.conda
  hash:
    md5: 68c34ec6149623be41a1933ab996a209
    sha256: 9887a04d7e7cb14bd2b52fa01858f05a6d7f002c890f618d9fcd864adbfecb1b
  optional: false
  category: main
  build: hd590300_5
  arch: x86_64
  subdir: linux-64
  build_number: 5
  license: Zlib
  license_family: Other
  size: 92825
  timestamp: 1686575231103
version: 1
